// !$*UTF8*$!
{
	archiveVersion = 1;
	classes = {
	};
	objectVersion = 56;
	objects = {

/* Begin PBXBuildFile section */
		3F0868C32AB076510030B68F /* AppDelegate.swift in Sources */ = {isa = PBXBuildFile; fileRef = 3F0868C22AB076510030B68F /* AppDelegate.swift */; };
		3F0868C52AB076510030B68F /* SceneDelegate.swift in Sources */ = {isa = PBXBuildFile; fileRef = 3F0868C42AB076510030B68F /* SceneDelegate.swift */; };
		3F0868C72AB076510030B68F /* ViewController.swift in Sources */ = {isa = PBXBuildFile; fileRef = 3F0868C62AB076510030B68F /* ViewController.swift */; };
		3F0868CD2AB076510030B68F /* CoreDataTestApp.xcdatamodeld in Sources */ = {isa = PBXBuildFile; fileRef = 3F0868CB2AB076510030B68F /* CoreDataTestApp.xcdatamodeld */; };
		3F0868CF2AB076520030B68F /* Assets.xcassets in Resources */ = {isa = PBXBuildFile; fileRef = 3F0868CE2AB076520030B68F /* Assets.xcassets */; };
		3F0868D22AB076520030B68F /* LaunchScreen.storyboard in Resources */ = {isa = PBXBuildFile; fileRef = 3F0868D02AB076520030B68F /* LaunchScreen.storyboard */; };
		3F0868DB2AB174D10030B68F /* Todo+CoreDataClass.swift in Sources */ = {isa = PBXBuildFile; fileRef = 3F0868D92AB174D10030B68F /* Todo+CoreDataClass.swift */; };
		3F0868E02AB17EAA0030B68F /* SnapKit in Frameworks */ = {isa = PBXBuildFile; productRef = 3F0868DF2AB17EAA0030B68F /* SnapKit */; };
/* End PBXBuildFile section */

/* Begin PBXFileReference section */
		3F0868BF2AB076510030B68F /* CoreDataTestApp.app */ = {isa = PBXFileReference; explicitFileType = wrapper.application; includeInIndex = 0; path = CoreDataTestApp.app; sourceTree = BUILT_PRODUCTS_DIR; };
		3F0868C22AB076510030B68F /* AppDelegate.swift */ = {isa = PBXFileReference; lastKnownFileType = sourcecode.swift; path = AppDelegate.swift; sourceTree = "<group>"; };
		3F0868C42AB076510030B68F /* SceneDelegate.swift */ = {isa = PBXFileReference; lastKnownFileType = sourcecode.swift; path = SceneDelegate.swift; sourceTree = "<group>"; };
		3F0868C62AB076510030B68F /* ViewController.swift */ = {isa = PBXFileReference; lastKnownFileType = sourcecode.swift; path = ViewController.swift; sourceTree = "<group>"; };
		3F0868CC2AB076510030B68F /* CoreDataTestApp.xcdatamodel */ = {isa = PBXFileReference; lastKnownFileType = wrapper.xcdatamodel; path = CoreDataTestApp.xcdatamodel; sourceTree = "<group>"; };
		3F0868CE2AB076520030B68F /* Assets.xcassets */ = {isa = PBXFileReference; lastKnownFileType = folder.assetcatalog; path = Assets.xcassets; sourceTree = "<group>"; };
		3F0868D12AB076520030B68F /* Base */ = {isa = PBXFileReference; lastKnownFileType = file.storyboard; name = Base; path = Base.lproj/LaunchScreen.storyboard; sourceTree = "<group>"; };
		3F0868D32AB076520030B68F /* Info.plist */ = {isa = PBXFileReference; lastKnownFileType = text.plist.xml; path = Info.plist; sourceTree = "<group>"; };
		3F0868D92AB174D10030B68F /* Todo+CoreDataClass.swift */ = {isa = PBXFileReference; lastKnownFileType = sourcecode.swift; path = "Todo+CoreDataClass.swift"; sourceTree = "<group>"; };
/* End PBXFileReference section */

/* Begin PBXFrameworksBuildPhase section */
		3F0868BC2AB076510030B68F /* Frameworks */ = {
			isa = PBXFrameworksBuildPhase;
			buildActionMask = 2147483647;
			files = (
				3F0868E02AB17EAA0030B68F /* SnapKit in Frameworks */,
			);
			runOnlyForDeploymentPostprocessing = 0;
		};
/* End PBXFrameworksBuildPhase section */

/* Begin PBXGroup section */
		3F0868B62AB076510030B68F = {
			isa = PBXGroup;
			children = (
				3F0868C12AB076510030B68F /* CoreDataTestApp */,
				3F0868C02AB076510030B68F /* Products */,
			);
			sourceTree = "<group>";
		};
		3F0868C02AB076510030B68F /* Products */ = {
			isa = PBXGroup;
			children = (
				3F0868BF2AB076510030B68F /* CoreDataTestApp.app */,
			);
			name = Products;
			sourceTree = "<group>";
		};
		3F0868C12AB076510030B68F /* CoreDataTestApp */ = {
			isa = PBXGroup;
			children = (
				3F0868DD2AB174D70030B68F /* Model */,
				3F0868C22AB076510030B68F /* AppDelegate.swift */,
				3F0868C42AB076510030B68F /* SceneDelegate.swift */,
				3F0868C62AB076510030B68F /* ViewController.swift */,
				3F0868CE2AB076520030B68F /* Assets.xcassets */,
				3F0868D02AB076520030B68F /* LaunchScreen.storyboard */,
				3F0868D32AB076520030B68F /* Info.plist */,
				3F0868CB2AB076510030B68F /* CoreDataTestApp.xcdatamodeld */,
			);
			path = CoreDataTestApp;
			sourceTree = "<group>";
		};
		3F0868DD2AB174D70030B68F /* Model */ = {
			isa = PBXGroup;
			children = (
				3F0868D92AB174D10030B68F /* Todo+CoreDataClass.swift */,
			);
			path = Model;
			sourceTree = "<group>";
		};
/* End PBXGroup section */

/* Begin PBXNativeTarget section */
		3F0868BE2AB076510030B68F /* CoreDataTestApp */ = {
			isa = PBXNativeTarget;
			buildConfigurationList = 3F0868D62AB076520030B68F /* Build configuration list for PBXNativeTarget "CoreDataTestApp" */;
			buildPhases = (
				3F0868BB2AB076510030B68F /* Sources */,
				3F0868BC2AB076510030B68F /* Frameworks */,
				3F0868BD2AB076510030B68F /* Resources */,
			);
			buildRules = (
			);
			dependencies = (
			);
			name = CoreDataTestApp;
			packageProductDependencies = (
				3F0868DF2AB17EAA0030B68F /* SnapKit */,
			);
			productName = CoreDataTestApp;
			productReference = 3F0868BF2AB076510030B68F /* CoreDataTestApp.app */;
			productType = "com.apple.product-type.application";
		};
/* End PBXNativeTarget section */

/* Begin PBXProject section */
		3F0868B72AB076510030B68F /* Project object */ = {
			isa = PBXProject;
			attributes = {
				BuildIndependentTargetsInParallel = 1;
				LastSwiftUpdateCheck = 1430;
				LastUpgradeCheck = 1430;
				TargetAttributes = {
					3F0868BE2AB076510030B68F = {
						CreatedOnToolsVersion = 14.3.1;
					};
				};
			};
			buildConfigurationList = 3F0868BA2AB076510030B68F /* Build configuration list for PBXProject "CoreDataTestApp" */;
			compatibilityVersion = "Xcode 14.0";
			developmentRegion = en;
			hasScannedForEncodings = 0;
			knownRegions = (
				en,
				Base,
			);
			mainGroup = 3F0868B62AB076510030B68F;
			packageReferences = (
				3F0868DE2AB17EAA0030B68F /* XCRemoteSwiftPackageReference "SnapKit" */,
			);
			productRefGroup = 3F0868C02AB076510030B68F /* Products */;
			projectDirPath = "";
			projectRoot = "";
			targets = (
				3F0868BE2AB076510030B68F /* CoreDataTestApp */,
			);
		};
/* End PBXProject section */

/* Begin PBXResourcesBuildPhase section */
		3F0868BD2AB076510030B68F /* Resources */ = {
			isa = PBXResourcesBuildPhase;
			buildActionMask = 2147483647;
			files = (
				3F0868D22AB076520030B68F /* LaunchScreen.storyboard in Resources */,
				3F0868CF2AB076520030B68F /* Assets.xcassets in Resources */,
			);
			runOnlyForDeploymentPostprocessing = 0;
		};
/* End PBXResourcesBuildPhase section */

/* Begin PBXSourcesBuildPhase section */
		3F0868BB2AB076510030B68F /* Sources */ = {
			isa = PBXSourcesBuildPhase;
			buildActionMask = 2147483647;
			files = (
				3F0868CD2AB076510030B68F /* CoreDataTestApp.xcdatamodeld in Sources */,
				3F0868C72AB076510030B68F /* ViewController.swift in Sources */,
				3F0868C32AB076510030B68F /* AppDelegate.swift in Sources */,
				3F0868DB2AB174D10030B68F /* Todo+CoreDataClass.swift in Sources */,
				3F0868C52AB076510030B68F /* SceneDelegate.swift in Sources */,
			);
			runOnlyForDeploymentPostprocessing = 0;
		};
/* End PBXSourcesBuildPhase section */

/* Begin PBXVariantGroup section */
		3F0868D02AB076520030B68F /* LaunchScreen.storyboard */ = {
			isa = PBXVariantGroup;
			children = (
				3F0868D12AB076520030B68F /* Base */,
			);
			name = LaunchScreen.storyboard;
			sourceTree = "<group>";
		};
/* End PBXVariantGroup section */

/* Begin XCBuildConfiguration section */
		3F0868D42AB076520030B68F /* Debug */ = {
			isa = XCBuildConfiguration;
			buildSettings = {
				ALWAYS_SEARCH_USER_PATHS = NO;
				CLANG_ANALYZER_NONNULL = YES;
				CLANG_ANALYZER_NUMBER_OBJECT_CONVERSION = YES_AGGRESSIVE;
				CLANG_CXX_LANGUAGE_STANDARD = "gnu++20";
				CLANG_ENABLE_MODULES = YES;
				CLANG_ENABLE_OBJC_ARC = YES;
				CLANG_ENABLE_OBJC_WEAK = YES;
				CLANG_WARN_BLOCK_CAPTURE_AUTORELEASING = YES;
				CLANG_WARN_BOOL_CONVERSION = YES;
				CLANG_WARN_COMMA = YES;
				CLANG_WARN_CONSTANT_CONVERSION = YES;
				CLANG_WARN_DEPRECATED_OBJC_IMPLEMENTATIONS = YES;
				CLANG_WARN_DIRECT_OBJC_ISA_USAGE = YES_ERROR;
				CLANG_WARN_DOCUMENTATION_COMMENTS = YES;
				CLANG_WARN_EMPTY_BODY = YES;
				CLANG_WARN_ENUM_CONVERSION = YES;
				CLANG_WARN_INFINITE_RECURSION = YES;
				CLANG_WARN_INT_CONVERSION = YES;
				CLANG_WARN_NON_LITERAL_NULL_CONVERSION = YES;
				CLANG_WARN_OBJC_IMPLICIT_RETAIN_SELF = YES;
				CLANG_WARN_OBJC_LITERAL_CONVERSION = YES;
				CLANG_WARN_OBJC_ROOT_CLASS = YES_ERROR;
				CLANG_WARN_QUOTED_INCLUDE_IN_FRAMEWORK_HEADER = YES;
				CLANG_WARN_RANGE_LOOP_ANALYSIS = YES;
				CLANG_WARN_STRICT_PROTOTYPES = YES;
				CLANG_WARN_SUSPICIOUS_MOVE = YES;
				CLANG_WARN_UNGUARDED_AVAILABILITY = YES_AGGRESSIVE;
				CLANG_WARN_UNREACHABLE_CODE = YES;
				CLANG_WARN__DUPLICATE_METHOD_MATCH = YES;
				COPY_PHASE_STRIP = NO;
				DEBUG_INFORMATION_FORMAT = dwarf;
				ENABLE_STRICT_OBJC_MSGSEND = YES;
				ENABLE_TESTABILITY = YES;
				GCC_C_LANGUAGE_STANDARD = gnu11;
				GCC_DYNAMIC_NO_PIC = NO;
				GCC_NO_COMMON_BLOCKS = YES;
				GCC_OPTIMIZATION_LEVEL = 0;
				GCC_PREPROCESSOR_DEFINITIONS = (
					"DEBUG=1",
					"$(inherited)",
				);
				GCC_WARN_64_TO_32_BIT_CONVERSION = YES;
				GCC_WARN_ABOUT_RETURN_TYPE = YES_ERROR;
				GCC_WARN_UNDECLARED_SELECTOR = YES;
				GCC_WARN_UNINITIALIZED_AUTOS = YES_AGGRESSIVE;
				GCC_WARN_UNUSED_FUNCTION = YES;
				GCC_WARN_UNUSED_VARIABLE = YES;
				IPHONEOS_DEPLOYMENT_TARGET = 16.4;
				MTL_ENABLE_DEBUG_INFO = INCLUDE_SOURCE;
				MTL_FAST_MATH = YES;
				ONLY_ACTIVE_ARCH = YES;
				SDKROOT = iphoneos;
				SWIFT_ACTIVE_COMPILATION_CONDITIONS = DEBUG;
				SWIFT_OPTIMIZATION_LEVEL = "-Onone";
			};
			name = Debug;
		};
		3F0868D52AB076520030B68F /* Release */ = {
			isa = XCBuildConfiguration;
			buildSettings = {
				ALWAYS_SEARCH_USER_PATHS = NO;
				CLANG_ANALYZER_NONNULL = YES;
				CLANG_ANALYZER_NUMBER_OBJECT_CONVERSION = YES_AGGRESSIVE;
				CLANG_CXX_LANGUAGE_STANDARD = "gnu++20";
				CLANG_ENABLE_MODULES = YES;
				CLANG_ENABLE_OBJC_ARC = YES;
				CLANG_ENABLE_OBJC_WEAK = YES;
				CLANG_WARN_BLOCK_CAPTURE_AUTORELEASING = YES;
				CLANG_WARN_BOOL_CONVERSION = YES;
				CLANG_WARN_COMMA = YES;
				CLANG_WARN_CONSTANT_CONVERSION = YES;
				CLANG_WARN_DEPRECATED_OBJC_IMPLEMENTATIONS = YES;
				CLANG_WARN_DIRECT_OBJC_ISA_USAGE = YES_ERROR;
				CLANG_WARN_DOCUMENTATION_COMMENTS = YES;
				CLANG_WARN_EMPTY_BODY = YES;
				CLANG_WARN_ENUM_CONVERSION = YES;
				CLANG_WARN_INFINITE_RECURSION = YES;
				CLANG_WARN_INT_CONVERSION = YES;
				CLANG_WARN_NON_LITERAL_NULL_CONVERSION = YES;
				CLANG_WARN_OBJC_IMPLICIT_RETAIN_SELF = YES;
				CLANG_WARN_OBJC_LITERAL_CONVERSION = YES;
				CLANG_WARN_OBJC_ROOT_CLASS = YES_ERROR;
				CLANG_WARN_QUOTED_INCLUDE_IN_FRAMEWORK_HEADER = YES;
				CLANG_WARN_RANGE_LOOP_ANALYSIS = YES;
				CLANG_WARN_STRICT_PROTOTYPES = YES;
				CLANG_WARN_SUSPICIOUS_MOVE = YES;
				CLANG_WARN_UNGUARDED_AVAILABILITY = YES_AGGRESSIVE;
				CLANG_WARN_UNREACHABLE_CODE = YES;
				CLANG_WARN__DUPLICATE_METHOD_MATCH = YES;
				COPY_PHASE_STRIP = NO;
				DEBUG_INFORMATION_FORMAT = "dwarf-with-dsym";
				ENABLE_NS_ASSERTIONS = NO;
				ENABLE_STRICT_OBJC_MSGSEND = YES;
				GCC_C_LANGUAGE_STANDARD = gnu11;
				GCC_NO_COMMON_BLOCKS = YES;
				GCC_WARN_64_TO_32_BIT_CONVERSION = YES;
				GCC_WARN_ABOUT_RETURN_TYPE = YES_ERROR;
				GCC_WARN_UNDECLARED_SELECTOR = YES;
				GCC_WARN_UNINITIALIZED_AUTOS = YES_AGGRESSIVE;
				GCC_WARN_UNUSED_FUNCTION = YES;
				GCC_WARN_UNUSED_VARIABLE = YES;
				IPHONEOS_DEPLOYMENT_TARGET = 16.4;
				MTL_ENABLE_DEBUG_INFO = NO;
				MTL_FAST_MATH = YES;
				SDKROOT = iphoneos;
				SWIFT_COMPILATION_MODE = wholemodule;
				SWIFT_OPTIMIZATION_LEVEL = "-O";
				VALIDATE_PRODUCT = YES;
			};
			name = Release;
		};
		3F0868D72AB076520030B68F /* Debug */ = {
			isa = XCBuildConfiguration;
			buildSettings = {
				ASSETCATALOG_COMPILER_APPICON_NAME = AppIcon;
				ASSETCATALOG_COMPILER_GLOBAL_ACCENT_COLOR_NAME = AccentColor;
				CODE_SIGN_STYLE = Automatic;
				CURRENT_PROJECT_VERSION = 1;
				GENERATE_INFOPLIST_FILE = YES;
				INFOPLIST_FILE = CoreDataTestApp/Info.plist;
				INFOPLIST_KEY_UIApplicationSupportsIndirectInputEvents = YES;
				INFOPLIST_KEY_UILaunchStoryboardName = LaunchScreen;
				INFOPLIST_KEY_UISupportedInterfaceOrientations_iPad = "UIInterfaceOrientationPortrait UIInterfaceOrientationPortraitUpsideDown UIInterfaceOrientationLandscapeLeft UIInterfaceOrientationLandscapeRight";
				INFOPLIST_KEY_UISupportedInterfaceOrientations_iPhone = "UIInterfaceOrientationPortrait UIInterfaceOrientationLandscapeLeft UIInterfaceOrientationLandscapeRight";
				LD_RUNPATH_SEARCH_PATHS = (
					"$(inherited)",
					"@executable_path/Frameworks",
				);
				MARKETING_VERSION = 1.0;
				PRODUCT_BUNDLE_IDENTIFIER = com.iOS.CoreDataTestApp;
				PRODUCT_NAME = "$(TARGET_NAME)";
				SWIFT_EMIT_LOC_STRINGS = YES;
				SWIFT_VERSION = 5.0;
				TARGETED_DEVICE_FAMILY = "1,2";
			};
			name = Debug;
		};
		3F0868D82AB076520030B68F /* Release */ = {
			isa = XCBuildConfiguration;
			buildSettings = {
				ASSETCATALOG_COMPILER_APPICON_NAME = AppIcon;
				ASSETCATALOG_COMPILER_GLOBAL_ACCENT_COLOR_NAME = AccentColor;
				CODE_SIGN_STYLE = Automatic;
				CURRENT_PROJECT_VERSION = 1;
				GENERATE_INFOPLIST_FILE = YES;
				INFOPLIST_FILE = CoreDataTestApp/Info.plist;
				INFOPLIST_KEY_UIApplicationSupportsIndirectInputEvents = YES;
				INFOPLIST_KEY_UILaunchStoryboardName = LaunchScreen;
				INFOPLIST_KEY_UISupportedInterfaceOrientations_iPad = "UIInterfaceOrientationPortrait UIInterfaceOrientationPortraitUpsideDown UIInterfaceOrientationLandscapeLeft UIInterfaceOrientationLandscapeRight";
				INFOPLIST_KEY_UISupportedInterfaceOrientations_iPhone = "UIInterfaceOrientationPortrait UIInterfaceOrientationLandscapeLeft UIInterfaceOrientationLandscapeRight";
				LD_RUNPATH_SEARCH_PATHS = (
					"$(inherited)",
					"@executable_path/Frameworks",
				);
				MARKETING_VERSION = 1.0;
				PRODUCT_BUNDLE_IDENTIFIER = com.iOS.CoreDataTestApp;
				PRODUCT_NAME = "$(TARGET_NAME)";
				SWIFT_EMIT_LOC_STRINGS = YES;
				SWIFT_VERSION = 5.0;
				TARGETED_DEVICE_FAMILY = "1,2";
			};
			name = Release;
		};
/* End XCBuildConfiguration section */

/* Begin XCConfigurationList section */
		3F0868BA2AB076510030B68F /* Build configuration list for PBXProject "CoreDataTestApp" */ = {
			isa = XCConfigurationList;
			buildConfigurations = (
				3F0868D42AB076520030B68F /* Debug */,
				3F0868D52AB076520030B68F /* Release */,
			);
			defaultConfigurationIsVisible = 0;
			defaultConfigurationName = Release;
		};
		3F0868D62AB076520030B68F /* Build configuration list for PBXNativeTarget "CoreDataTestApp" */ = {
			isa = XCConfigurationList;
			buildConfigurations = (
				3F0868D72AB076520030B68F /* Debug */,
				3F0868D82AB076520030B68F /* Release */,
			);
			defaultConfigurationIsVisible = 0;
			defaultConfigurationName = Release;
		};
/* End XCConfigurationList section */

/* Begin XCRemoteSwiftPackageReference section */
		3F0868DE2AB17EAA0030B68F /* XCRemoteSwiftPackageReference "SnapKit" */ = {
			isa = XCRemoteSwiftPackageReference;
			repositoryURL = "https://github.com/SnapKit/SnapKit.git";
			requirement = {
				kind = upToNextMajorVersion;
				minimumVersion = 5.0.0;
			};
		};
/* End XCRemoteSwiftPackageReference section */

/* Begin XCSwiftPackageProductDependency section */
		3F0868DF2AB17EAA0030B68F /* SnapKit */ = {
			isa = XCSwiftPackageProductDependency;
			package = 3F0868DE2AB17EAA0030B68F /* XCRemoteSwiftPackageReference "SnapKit" */;
			productName = SnapKit;
		};
/* End XCSwiftPackageProductDependency section */

/* Begin XCVersionGroup section */
		3F0868CB2AB076510030B68F /* CoreDataTestApp.xcdatamodeld */ = {
			isa = XCVersionGroup;
			children = (
				3F0868CC2AB076510030B68F /* CoreDataTestApp.xcdatamodel */,
			);
			currentVersion = 3F0868CC2AB076510030B68F /* CoreDataTestApp.xcdatamodel */;
			path = CoreDataTestApp.xcdatamodeld;
			sourceTree = "<group>";
			versionGroupType = wrapper.xcdatamodel;
		};
/* End XCVersionGroup section */
	};
	rootObject = 3F0868B72AB076510030B68F /* Project object */;
}
